
Microsoft Visual Studio Solution File, Format Version 12.00
# Visual Studio Version 16
VisualStudioVersion = 25.0.1706.4
MinimumVisualStudioVersion = 10.0.40219.1
Project("{FAE04EC0-301F-11D3-BF4B-00C04F79EFBC}") = "Word_Reversal", "Word_Reversal\Word_Reversal.csproj", "{1A02A611-9CC7-47D4-A301-5C46C40CF73C}"
EndProject
Global
	GlobalSection(SolutionConfigurationPlatforms) = preSolution
		Debug|Any CPU = Debug|Any CPU
		Release|Any CPU = Release|Any CPU
	EndGlobalSection
	GlobalSection(ProjectConfigurationPlatforms) = postSolution
		{1A02A611-9CC7-47D4-A301-5C46C40CF73C}.Debug|Any CPU.ActiveCfg = Debug|Any CPU
		{1A02A611-9CC7-47D4-A301-5C46C40CF73C}.Debug|Any CPU.Build.0 = Debug|Any CPU
		{1A02A611-9CC7-47D4-A301-5C46C40CF73C}.Release|Any CPU.ActiveCfg = Release|Any CPU
		{1A02A611-9CC7-47D4-A301-5C46C40CF73C}.Release|Any CPU.Build.0 = Release|Any CPU
	EndGlobalSection
	GlobalSection(SolutionProperties) = preSolution
		HideSolutionNode = FALSE
	EndGlobalSection
	GlobalSection(ExtensibilityGlobals) = postSolution
		SolutionGuid = {23886721-3894-4F97-B579-DDCAA6E721BA}
	EndGlobalSection
EndGlobal
